// !$*UTF8*$!
{
	archiveVersion = 1;
	classes = {
	};
	objectVersion = 56;
	objects = {

/* Begin PBXBuildFile section */
		1852962130395F3D0004CEFB /* AppDelegate.swift in Sources */ = {isa = PBXBuildFile; fileRef = 1852962030395F3D0004CEFB /* AppDelegate.swift */; };
		1852962330395F3D0004CEFB /* SceneDelegate.swift in Sources */ = {isa = PBXBuildFile; fileRef = 1852962230395F3D0004CEFB /* SceneDelegate.swift */; };
		1852962530395F3D0004CEFB /* ViewController.swift in Sources */ = {isa = PBXBuildFile; fileRef = 1852962430395F3D0004CEFB /* ViewController.swift */; };
		1852962830395F3D0004CEFB /* Main.storyboard in Resources */ = {isa = PBXBuildFile; fileRef = 1852962630395F3D0004CEFB /* Main.storyboard */; };
		1852962A30395F3F0004CEFB /* Assets.xcassets in Resources */ = {isa = PBXBuildFile; fileRef = 1852962930395F3F0004CEFB /* Assets.xcassets */; };
		1852962D30395F3F0004CEFB /* LaunchScreen.storyboard in Resources */ = {isa = PBXBuildFile; fileRef = 1852962B30395F3F0004CEFB /* LaunchScreen.storyboard */; };
		185CAF453052A9BA0080ADD2 /* Dev_UIKitTests.swift in Sources */ = {isa = PBXBuildFile; fileRef = 185CAF443052A9BA0080ADD2 /* Dev_UIKitTests.swift */; };
		4B0CE0CA8065C561FCCA1AE3 /* Pods_Dev_UIKit.framework in Frameworks */ = {isa = PBXBuildFile; fileRef = 636574D4E1DA82994ADEE030 /* Pods_Dev_UIKit.framework */; };
/* End PBXBuildFile section */

/* Begin PBXContainerItemProxy section */
		185CAF463052A9BA0080ADD2 /* PBXContainerItemProxy */ = {
			isa = PBXContainerItemProxy;
			containerPortal = 1852961530395F3D0004CEFB /* Project object */;
			proxyType = 1;
			remoteGlobalIDString = 1852961C30395F3D0004CEFB;
			remoteInfo = Dev_UIKit;
		};
/* End PBXContainerItemProxy section */

/* Begin PBXFileReference section */
		1852961D30395F3D0004CEFB /* Dev_UIKit.app */ = {isa = PBXFileReference; explicitFileType = wrapper.application; includeInIndex = 0; path = Dev_UIKit.app; sourceTree = BUILT_PRODUCTS_DIR; };
		1852962030395F3D0004CEFB /* AppDelegate.swift */ = {isa = PBXFileReference; lastKnownFileType = sourcecode.swift; path = AppDelegate.swift; sourceTree = "<group>"; };
		1852962230395F3D0004CEFB /* SceneDelegate.swift */ = {isa = PBXFileReference; lastKnownFileType = sourcecode.swift; path = SceneDelegate.swift; sourceTree = "<group>"; };
		1852962430395F3D0004CEFB /* ViewController.swift */ = {isa = PBXFileReference; lastKnownFileType = sourcecode.swift; path = ViewController.swift; sourceTree = "<group>"; };
		1852962730395F3D0004CEFB /* Base */ = {isa = PBXFileReference; lastKnownFileType = file.storyboard; name = Base; path = Base.lproj/Main.storyboard; sourceTree = "<group>"; };
		1852962930395F3F0004CEFB /* Assets.xcassets */ = {isa = PBXFileReference; lastKnownFileType = folder.assetcatalog; path = Assets.xcassets; sourceTree = "<group>"; };
		1852962C30395F3F0004CEFB /* Base */ = {isa = PBXFileReference; lastKnownFileType = file.storyboard; name = Base; path = Base.lproj/LaunchScreen.storyboard; sourceTree = "<group>"; };
		1852962E30395F3F0004CEFB /* Info.plist */ = {isa = PBXFileReference; lastKnownFileType = text.plist.xml; path = Info.plist; sourceTree = "<group>"; };
		1852964F30395FC10004CEFB /* MyPlayground.playground */ = {isa = PBXFileReference; lastKnownFileType = file.playground; path = MyPlayground.playground; sourceTree = "<group>"; xcLanguageSpecificationIdentifier = xcode.lang.swift; };
		185CAF423052A9BA0080ADD2 /* Dev_UIKitTests.xctest */ = {isa = PBXFileReference; explicitFileType = wrapper.cfbundle; includeInIndex = 0; path = Dev_UIKitTests.xctest; sourceTree = BUILT_PRODUCTS_DIR; };
		185CAF443052A9BA0080ADD2 /* Dev_UIKitTests.swift */ = {isa = PBXFileReference; lastKnownFileType = sourcecode.swift; path = Dev_UIKitTests.swift; sourceTree = "<group>"; };
		35C6431D7A9778B4871778BF /* Pods-Dev_UIKit.release.xcconfig */ = {isa = PBXFileReference; includeInIndex = 1; lastKnownFileType = text.xcconfig; name = "Pods-Dev_UIKit.release.xcconfig"; path = "Target Support Files/Pods-Dev_UIKit/Pods-Dev_UIKit.release.xcconfig"; sourceTree = "<group>"; };
		636574D4E1DA82994ADEE030 /* Pods_Dev_UIKit.framework */ = {isa = PBXFileReference; explicitFileType = wrapper.framework; includeInIndex = 0; path = Pods_Dev_UIKit.framework; sourceTree = BUILT_PRODUCTS_DIR; };
		B00C2DC0231D9D0A5B9AE1D9 /* Pods-Dev_UIKit.debug.xcconfig */ = {isa = PBXFileReference; includeInIndex = 1; lastKnownFileType = text.xcconfig; name = "Pods-Dev_UIKit.debug.xcconfig"; path = "Target Support Files/Pods-Dev_UIKit/Pods-Dev_UIKit.debug.xcconfig"; sourceTree = "<group>"; };
/* End PBXFileReference section */

/* Begin PBXFrameworksBuildPhase section */
		1852961A30395F3D0004CEFB /* Frameworks */ = {
			isa = PBXFrameworksBuildPhase;
			buildActionMask = 2147483647;
			files = (
				4B0CE0CA8065C561FCCA1AE3 /* Pods_Dev_UIKit.framework in Frameworks */,
			);
			runOnlyForDeploymentPostprocessing = 0;
		};
		185CAF3F3052A9BA0080ADD2 /* Frameworks */ = {
			isa = PBXFrameworksBuildPhase;
			buildActionMask = 2147483647;
			files = (
			);
			runOnlyForDeploymentPostprocessing = 0;
		};
/* End PBXFrameworksBuildPhase section */

/* Begin PBXGroup section */
		04003BE880ABD18ED1515B80 /* Frameworks */ = {
			isa = PBXGroup;
			children = (
				636574D4E1DA82994ADEE030 /* Pods_Dev_UIKit.framework */,
			);
			name = Frameworks;
			sourceTree = "<group>";
		};
		1852961430395F3D0004CEFB = {
			isa = PBXGroup;
			children = (
				1852961F30395F3D0004CEFB /* Dev_UIKit */,
				185CAF433052A9BA0080ADD2 /* Dev_UIKitTests */,
				1852961E30395F3D0004CEFB /* Products */,
				6CC932509AC6FA710C3B32BE /* Pods */,
				04003BE880ABD18ED1515B80 /* Frameworks */,
			);
			sourceTree = "<group>";
		};
		1852961E30395F3D0004CEFB /* Products */ = {
			isa = PBXGroup;
			children = (
				1852961D30395F3D0004CEFB /* Dev_UIKit.app */,
				185CAF423052A9BA0080ADD2 /* Dev_UIKitTests.xctest */,
			);
			name = Products;
			sourceTree = "<group>";
		};
		1852961F30395F3D0004CEFB /* Dev_UIKit */ = {
			isa = PBXGroup;
			children = (
				1852962030395F3D0004CEFB /* AppDelegate.swift */,
				1852962230395F3D0004CEFB /* SceneDelegate.swift */,
				1852962430395F3D0004CEFB /* ViewController.swift */,
				1852964F30395FC10004CEFB /* MyPlayground.playground */,
				1852962630395F3D0004CEFB /* Main.storyboard */,
				1852962930395F3F0004CEFB /* Assets.xcassets */,
				1852962B30395F3F0004CEFB /* LaunchScreen.storyboard */,
				1852962E30395F3F0004CEFB /* Info.plist */,
			);
			path = Dev_UIKit;
			sourceTree = "<group>";
		};
		185CAF433052A9BA0080ADD2 /* Dev_UIKitTests */ = {
			isa = PBXGroup;
			children = (
				185CAF443052A9BA0080ADD2 /* Dev_UIKitTests.swift */,
			);
			path = Dev_UIKitTests;
			sourceTree = "<group>";
		};
		6CC932509AC6FA710C3B32BE /* Pods */ = {
			isa = PBXGroup;
			children = (
				B00C2DC0231D9D0A5B9AE1D9 /* Pods-Dev_UIKit.debug.xcconfig */,
				35C6431D7A9778B4871778BF /* Pods-Dev_UIKit.release.xcconfig */,
			);
			path = Pods;
			sourceTree = "<group>";
		};
/* End PBXGroup section */

/* Begin PBXNativeTarget section */
		1852961C30395F3D0004CEFB /* Dev_UIKit */ = {
			isa = PBXNativeTarget;
			buildConfigurationList = 1852963130395F3F0004CEFB /* Build configuration list for PBXNativeTarget "Dev_UIKit" */;
			buildPhases = (
				5893F29BB581705BDFD7C441 /* [CP] Check Pods Manifest.lock */,
				1852961930395F3D0004CEFB /* Sources */,
				1852961A30395F3D0004CEFB /* Frameworks */,
				1852961B30395F3D0004CEFB /* Resources */,
				1E7A0F290795E951CA98710C /* [CP] Embed Pods Frameworks */,
			);
			buildRules = (
			);
			dependencies = (
			);
			name = Dev_UIKit;
			productName = Dev_UIKit;
			productReference = 1852961D30395F3D0004CEFB /* Dev_UIKit.app */;
			productType = "com.apple.product-type.application";
		};
		185CAF413052A9BA0080ADD2 /* Dev_UIKitTests */ = {
			isa = PBXNativeTarget;
			buildConfigurationList = 185CAF4A3052A9BA0080ADD2 /* Build configuration list for PBXNativeTarget "Dev_UIKitTests" */;
			buildPhases = (
				185CAF3E3052A9BA0080ADD2 /* Sources */,
				185CAF3F3052A9BA0080ADD2 /* Frameworks */,
				185CAF403052A9BA0080ADD2 /* Resources */,
			);
			buildRules = (
			);
			dependencies = (
				185CAF473052A9BA0080ADD2 /* PBXTargetDependency */,
			);
			name = Dev_UIKitTests;
			productName = Dev_UIKitTests;
			productReference = 185CAF423052A9BA0080ADD2 /* Dev_UIKitTests.xctest */;
			productType = "com.apple.product-type.bundle.unit-test";
		};
/* End PBXNativeTarget section */

/* Begin PBXProject section */
		1852961530395F3D0004CEFB /* Project object */ = {
			isa = PBXProject;
			attributes = {
				BuildIndependentTargetsInParallel = 1;
				LastSwiftUpdateCheck = 1500;
				LastUpgradeCheck = 1500;
				TargetAttributes = {
					1852961C30395F3D0004CEFB = {
						CreatedOnToolsVersion = 15.0;
					};
					185CAF413052A9BA0080ADD2 = {
						CreatedOnToolsVersion = 15.0;
						TestTargetID = 1852961C30395F3D0004CEFB;
					};
				};
			};
			buildConfigurationList = 1852961830395F3D0004CEFB /* Build configuration list for PBXProject "Dev_UIKit" */;
			compatibilityVersion = "Xcode 14.0";
			developmentRegion = en;
			hasScannedForEncodings = 0;
			knownRegions = (
				en,
				Base,
			);
			mainGroup = 1852961430395F3D0004CEFB;
			productRefGroup = 1852961E30395F3D0004CEFB /* Products */;
			projectDirPath = "";
			projectRoot = "";
			targets = (
				1852961C30395F3D0004CEFB /* Dev_UIKit */,
				185CAF413052A9BA0080ADD2 /* Dev_UIKitTests */,
			);
		};
/* End PBXProject section */

/* Begin PBXResourcesBuildPhase section */
		1852961B30395F3D0004CEFB /* Resources */ = {
			isa = PBXResourcesBuildPhase;
			buildActionMask = 2147483647;
			files = (
				1852962D30395F3F0004CEFB /* LaunchScreen.storyboard in Resources */,
				1852962A30395F3F0004CEFB /* Assets.xcassets in Resources */,
				1852962830395F3D0004CEFB /* Main.storyboard in Resources */,
			);
			runOnlyForDeploymentPostprocessing = 0;
		};
		185CAF403052A9BA0080ADD2 /* Resources */ = {
			isa = PBXResourcesBuildPhase;
			buildActionMask = 2147483647;
			files = (
			);
			runOnlyForDeploymentPostprocessing = 0;
		};
/* End PBXResourcesBuildPhase section */

/* Begin PBXShellScriptBuildPhase section */
		1E7A0F290795E951CA98710C /* [CP] Embed Pods Frameworks */ = {
			isa = PBXShellScriptBuildPhase;
			buildActionMask = 2147483647;
			files = (
			);
			inputFileListPaths = (
				"${PODS_ROOT}/Target Support Files/Pods-Dev_UIKit/Pods-Dev_UIKit-frameworks-${CONFIGURATION}-input-files.xcfilelist",
			);
			name = "[CP] Embed Pods Frameworks";
			outputFileListPaths = (
				"${PODS_ROOT}/Target Support Files/Pods-Dev_UIKit/Pods-Dev_UIKit-frameworks-${CONFIGURATION}-output-files.xcfilelist",
			);
			runOnlyForDeploymentPostprocessing = 0;
			shellPath = /bin/sh;
			shellScript = "\"${PODS_ROOT}/Target Support Files/Pods-Dev_UIKit/Pods-Dev_UIKit-frameworks.sh\"\n";
			showEnvVarsInLog = 0;
		};
		5893F29BB581705BDFD7C441 /* [CP] Check Pods Manifest.lock */ = {
			isa = PBXShellScriptBuildPhase;
			buildActionMask = 2147483647;
			files = (
			);
			inputFileListPaths = (
			);
			inputPaths = (
				"${PODS_PODFILE_DIR_PATH}/Podfile.lock",
				"${PODS_ROOT}/Manifest.lock",
			);
			name = "[CP] Check Pods Manifest.lock";
			outputFileListPaths = (
			);
			outputPaths = (
				"$(DERIVED_FILE_DIR)/Pods-Dev_UIKit-checkManifestLockResult.txt",
			);
			runOnlyForDeploymentPostprocessing = 0;
			shellPath = /bin/sh;
			shellScript = "diff \"${PODS_PODFILE_DIR_PATH}/Podfile.lock\" \"${PODS_ROOT}/Manifest.lock\" > /dev/null\nif [ $? != 0 ] ; then\n    # print error to STDERR\n    echo \"error: The sandbox is not in sync with the Podfile.lock. Run 'pod install' or update your CocoaPods installation.\" >&2\n    exit 1\nfi\n# This output is used by Xcode 'outputs' to avoid re-running this script phase.\necho \"SUCCESS\" > \"${SCRIPT_OUTPUT_FILE_0}\"\n";
			showEnvVarsInLog = 0;
		};
/* End PBXShellScriptBuildPhase section */

/* Begin PBXSourcesBuildPhase section */
		1852961930395F3D0004CEFB /* Sources */ = {
			isa = PBXSourcesBuildPhase;
			buildActionMask = 2147483647;
			files = (
				1852962530395F3D0004CEFB /* ViewController.swift in Sources */,
				1852962130395F3D0004CEFB /* AppDelegate.swift in Sources */,
				1852962330395F3D0004CEFB /* SceneDelegate.swift in Sources */,
			);
			runOnlyForDeploymentPostprocessing = 0;
		};
		185CAF3E3052A9BA0080ADD2 /* Sources */ = {
			isa = PBXSourcesBuildPhase;
			buildActionMask = 2147483647;
			files = (
				185CAF453052A9BA0080ADD2 /* Dev_UIKitTests.swift in Sources */,
			);
			runOnlyForDeploymentPostprocessing = 0;
		};
/* End PBXSourcesBuildPhase section */

/* Begin PBXTargetDependency section */
		185CAF473052A9BA0080ADD2 /* PBXTargetDependency */ = {
			isa = PBXTargetDependency;
			target = 1852961C30395F3D0004CEFB /* Dev_UIKit */;
			targetProxy = 185CAF463052A9BA0080ADD2 /* PBXContainerItemProxy */;
		};
/* End PBXTargetDependency section */

/* Begin PBXVariantGroup section */
		1852962630395F3D0004CEFB /* Main.storyboard */ = {
			isa = PBXVariantGroup;
			children = (
				1852962730395F3D0004CEFB /* Base */,
			);
			name = Main.storyboard;
			sourceTree = "<group>";
		};
		1852962B30395F3F0004CEFB /* LaunchScreen.storyboard */ = {
			isa = PBXVariantGroup;
			children = (
				1852962C30395F3F0004CEFB /* Base */,
			);
			name = LaunchScreen.storyboard;
			sourceTree = "<group>";
		};
/* End PBXVariantGroup section */

/* Begin XCBuildConfiguration section */
		1852962F30395F3F0004CEFB /* Debug */ = {
			isa = XCBuildConfiguration;
			buildSettings = {
				ALWAYS_SEARCH_USER_PATHS = NO;
				ASSETCATALOG_COMPILER_GENERATE_SWIFT_ASSET_SYMBOL_EXTENSIONS = YES;
				CLANG_ANALYZER_NONNULL = YES;
				CLANG_ANALYZER_NUMBER_OBJECT_CONVERSION = YES_AGGRESSIVE;
				CLANG_CXX_LANGUAGE_STANDARD = "gnu++20";
				CLANG_ENABLE_MODULES = YES;
				CLANG_ENABLE_OBJC_ARC = YES;
				CLANG_ENABLE_OBJC_WEAK = YES;
				CLANG_WARN_BLOCK_CAPTURE_AUTORELEASING = YES;
				CLANG_WARN_BOOL_CONVERSION = YES;
				CLANG_WARN_COMMA = YES;
				CLANG_WARN_CONSTANT_CONVERSION = YES;
				CLANG_WARN_DEPRECATED_OBJC_IMPLEMENTATIONS = YES;
				CLANG_WARN_DIRECT_OBJC_ISA_USAGE = YES_ERROR;
				CLANG_WARN_DOCUMENTATION_COMMENTS = YES;
				CLANG_WARN_EMPTY_BODY = YES;
				CLANG_WARN_ENUM_CONVERSION = YES;
				CLANG_WARN_INFINITE_RECURSION = YES;
				CLANG_WARN_INT_CONVERSION = YES;
				CLANG_WARN_NON_LITERAL_NULL_CONVERSION = YES;
				CLANG_WARN_OBJC_IMPLICIT_RETAIN_SELF = YES;
				CLANG_WARN_OBJC_LITERAL_CONVERSION = YES;
				CLANG_WARN_OBJC_ROOT_CLASS = YES_ERROR;
				CLANG_WARN_QUOTED_INCLUDE_IN_FRAMEWORK_HEADER = YES;
				CLANG_WARN_RANGE_LOOP_ANALYSIS = YES;
				CLANG_WARN_STRICT_PROTOTYPES = YES;
				CLANG_WARN_SUSPICIOUS_MOVE = YES;
				CLANG_WARN_UNGUARDED_AVAILABILITY = YES_AGGRESSIVE;
				CLANG_WARN_UNREACHABLE_CODE = YES;
				CLANG_WARN__DUPLICATE_METHOD_MATCH = YES;
				COPY_PHASE_STRIP = NO;
				DEBUG_INFORMATION_FORMAT = dwarf;
				ENABLE_STRICT_OBJC_MSGSEND = YES;
				ENABLE_TESTABILITY = YES;
				ENABLE_USER_SCRIPT_SANDBOXING = YES;
				GCC_C_LANGUAGE_STANDARD = gnu17;
				GCC_DYNAMIC_NO_PIC = NO;
				GCC_NO_COMMON_BLOCKS = YES;
				GCC_OPTIMIZATION_LEVEL = 0;
				GCC_PREPROCESSOR_DEFINITIONS = (
					"DEBUG=1",
					"$(inherited)",
				);
				GCC_WARN_64_TO_32_BIT_CONVERSION = YES;
				GCC_WARN_ABOUT_RETURN_TYPE = YES_ERROR;
				GCC_WARN_UNDECLARED_SELECTOR = YES;
				GCC_WARN_UNINITIALIZED_AUTOS = YES_AGGRESSIVE;
				GCC_WARN_UNUSED_FUNCTION = YES;
				GCC_WARN_UNUSED_VARIABLE = YES;
				IPHONEOS_DEPLOYMENT_TARGET = 17.0;
				LOCALIZATION_PREFERS_STRING_CATALOGS = YES;
				MTL_ENABLE_DEBUG_INFO = INCLUDE_SOURCE;
				MTL_FAST_MATH = YES;
				ONLY_ACTIVE_ARCH = YES;
				SDKROOT = iphoneos;
				SWIFT_ACTIVE_COMPILATION_CONDITIONS = "DEBUG $(inherited)";
				SWIFT_OPTIMIZATION_LEVEL = "-Onone";
			};
			name = Debug;
		};
		1852963030395F3F0004CEFB /* Release */ = {
			isa = XCBuildConfiguration;
			buildSettings = {
				ALWAYS_SEARCH_USER_PATHS = NO;
				ASSETCATALOG_COMPILER_GENERATE_SWIFT_ASSET_SYMBOL_EXTENSIONS = YES;
				CLANG_ANALYZER_NONNULL = YES;
				CLANG_ANALYZER_NUMBER_OBJECT_CONVERSION = YES_AGGRESSIVE;
				CLANG_CXX_LANGUAGE_STANDARD = "gnu++20";
				CLANG_ENABLE_MODULES = YES;
				CLANG_ENABLE_OBJC_ARC = YES;
				CLANG_ENABLE_OBJC_WEAK = YES;
				CLANG_WARN_BLOCK_CAPTURE_AUTORELEASING = YES;
				CLANG_WARN_BOOL_CONVERSION = YES;
				CLANG_WARN_COMMA = YES;
				CLANG_WARN_CONSTANT_CONVERSION = YES;
				CLANG_WARN_DEPRECATED_OBJC_IMPLEMENTATIONS = YES;
				CLANG_WARN_DIRECT_OBJC_ISA_USAGE = YES_ERROR;
				CLANG_WARN_DOCUMENTATION_COMMENTS = YES;
				CLANG_WARN_EMPTY_BODY = YES;
				CLANG_WARN_ENUM_CONVERSION = YES;
				CLANG_WARN_INFINITE_RECURSION = YES;
				CLANG_WARN_INT_CONVERSION = YES;
				CLANG_WARN_NON_LITERAL_NULL_CONVERSION = YES;
				CLANG_WARN_OBJC_IMPLICIT_RETAIN_SELF = YES;
				CLANG_WARN_OBJC_LITERAL_CONVERSION = YES;
				CLANG_WARN_OBJC_ROOT_CLASS = YES_ERROR;
				CLANG_WARN_QUOTED_INCLUDE_IN_FRAMEWORK_HEADER = YES;
				CLANG_WARN_RANGE_LOOP_ANALYSIS = YES;
				CLANG_WARN_STRICT_PROTOTYPES = YES;
				CLANG_WARN_SUSPICIOUS_MOVE = YES;
				CLANG_WARN_UNGUARDED_AVAILABILITY = YES_AGGRESSIVE;
				CLANG_WARN_UNREACHABLE_CODE = YES;
				CLANG_WARN__DUPLICATE_METHOD_MATCH = YES;
				COPY_PHASE_STRIP = NO;
				DEBUG_INFORMATION_FORMAT = "dwarf-with-dsym";
				ENABLE_NS_ASSERTIONS = NO;
				ENABLE_STRICT_OBJC_MSGSEND = YES;
				ENABLE_USER_SCRIPT_SANDBOXING = YES;
				GCC_C_LANGUAGE_STANDARD = gnu17;
				GCC_NO_COMMON_BLOCKS = YES;
				GCC_WARN_64_TO_32_BIT_CONVERSION = YES;
				GCC_WARN_ABOUT_RETURN_TYPE = YES_ERROR;
				GCC_WARN_UNDECLARED_SELECTOR = YES;
				GCC_WARN_UNINITIALIZED_AUTOS = YES_AGGRESSIVE;
				GCC_WARN_UNUSED_FUNCTION = YES;
				GCC_WARN_UNUSED_VARIABLE = YES;
				IPHONEOS_DEPLOYMENT_TARGET = 17.0;
				LOCALIZATION_PREFERS_STRING_CATALOGS = YES;
				MTL_ENABLE_DEBUG_INFO = NO;
				MTL_FAST_MATH = YES;
				SDKROOT = iphoneos;
				SWIFT_COMPILATION_MODE = wholemodule;
				VALIDATE_PRODUCT = YES;
			};
			name = Release;
		};
		1852963230395F3F0004CEFB /* Debug */ = {
			isa = XCBuildConfiguration;
			baseConfigurationReference = B00C2DC0231D9D0A5B9AE1D9 /* Pods-Dev_UIKit.debug.xcconfig */;
			buildSettings = {
				ASSETCATALOG_COMPILER_APPICON_NAME = AppIcon;
				ASSETCATALOG_COMPILER_GLOBAL_ACCENT_COLOR_NAME = AccentColor;
				CODE_SIGN_STYLE = Automatic;
				CURRENT_PROJECT_VERSION = 1;
				ENABLE_USER_SCRIPT_SANDBOXING = NO;
				GENERATE_INFOPLIST_FILE = YES;
				INFOPLIST_FILE = Dev_UIKit/Info.plist;
				INFOPLIST_KEY_UIApplicationSupportsIndirectInputEvents = YES;
				INFOPLIST_KEY_UILaunchStoryboardName = LaunchScreen;
				INFOPLIST_KEY_UIMainStoryboardFile = Main;
				INFOPLIST_KEY_UISupportedInterfaceOrientations_iPad = "UIInterfaceOrientationPortrait UIInterfaceOrientationPortraitUpsideDown UIInterfaceOrientationLandscapeLeft UIInterfaceOrientationLandscapeRight";
				INFOPLIST_KEY_UISupportedInterfaceOrientations_iPhone = "UIInterfaceOrientationPortrait UIInterfaceOrientationLandscapeLeft UIInterfaceOrientationLandscapeRight";
				LD_RUNPATH_SEARCH_PATHS = (
					"$(inherited)",
					"@executable_path/Frameworks",
				);
				MARKETING_VERSION = 1.0;
				PRODUCT_BUNDLE_IDENTIFIER = "com.bhoopendra.Dev-UIKit";
				PRODUCT_NAME = "$(TARGET_NAME)";
				SWIFT_EMIT_LOC_STRINGS = YES;
				SWIFT_VERSION = 5.0;
				TARGETED_DEVICE_FAMILY = "1,2";
			};
			name = Debug;
		};
		1852963330395F3F0004CEFB /* Release */ = {
			isa = XCBuildConfiguration;
			baseConfigurationReference = 35C6431D7A9778B4871778BF /* Pods-Dev_UIKit.release.xcconfig */;
			buildSettings = {
				ASSETCATALOG_COMPILER_APPICON_NAME = AppIcon;
				ASSETCATALOG_COMPILER_GLOBAL_ACCENT_COLOR_NAME = AccentColor;
				CODE_SIGN_STYLE = Automatic;
				CURRENT_PROJECT_VERSION = 1;
				ENABLE_USER_SCRIPT_SANDBOXING = NO;
				GENERATE_INFOPLIST_FILE = YES;
				INFOPLIST_FILE = Dev_UIKit/Info.plist;
				INFOPLIST_KEY_UIApplicationSupportsIndirectInputEvents = YES;
				INFOPLIST_KEY_UILaunchStoryboardName = LaunchScreen;
				INFOPLIST_KEY_UIMainStoryboardFile = Main;
				INFOPLIST_KEY_UISupportedInterfaceOrientations_iPad = "UIInterfaceOrientationPortrait UIInterfaceOrientationPortraitUpsideDown UIInterfaceOrientationLandscapeLeft UIInterfaceOrientationLandscapeRight";
				INFOPLIST_KEY_UISupportedInterfaceOrientations_iPhone = "UIInterfaceOrientationPortrait UIInterfaceOrientationLandscapeLeft UIInterfaceOrientationLandscapeRight";
				LD_RUNPATH_SEARCH_PATHS = (
					"$(inherited)",
					"@executable_path/Frameworks",
				);
				MARKETING_VERSION = 1.0;
				PRODUCT_BUNDLE_IDENTIFIER = "com.bhoopendra.Dev-UIKit";
				PRODUCT_NAME = "$(TARGET_NAME)";
				SWIFT_EMIT_LOC_STRINGS = YES;
				SWIFT_VERSION = 5.0;
				TARGETED_DEVICE_FAMILY = "1,2";
			};
			name = Release;
		};
		185CAF483052A9BA0080ADD2 /* Debug */ = {
			isa = XCBuildConfiguration;
			buildSettings = {
				BUNDLE_LOADER = "$(TEST_HOST)";
				CODE_SIGN_STYLE = Automatic;
				CURRENT_PROJECT_VERSION = 1;
				GENERATE_INFOPLIST_FILE = YES;
				MARKETING_VERSION = 1.0;
				PRODUCT_BUNDLE_IDENTIFIER = "com.bhoopendra.Dev-UIKitTests";
				PRODUCT_NAME = "$(TARGET_NAME)";
				SWIFT_EMIT_LOC_STRINGS = NO;
				SWIFT_VERSION = 5.0;
				TARGETED_DEVICE_FAMILY = "1,2";
				TEST_HOST = "$(BUILT_PRODUCTS_DIR)/Dev_UIKit.app/$(BUNDLE_EXECUTABLE_FOLDER_PATH)/Dev_UIKit";
			};
			name = Debug;
		};
		185CAF493052A9BA0080ADD2 /* Release */ = {
			isa = XCBuildConfiguration;
			buildSettings = {
				BUNDLE_LOADER = "$(TEST_HOST)";
				CODE_SIGN_STYLE = Automatic;
				CURRENT_PROJECT_VERSION = 1;
				GENERATE_INFOPLIST_FILE = YES;
				MARKETING_VERSION = 1.0;
				PRODUCT_BUNDLE_IDENTIFIER = "com.bhoopendra.Dev-UIKitTests";
				PRODUCT_NAME = "$(TARGET_NAME)";
				SWIFT_EMIT_LOC_STRINGS = NO;
				SWIFT_VERSION = 5.0;
				TARGETED_DEVICE_FAMILY = "1,2";
				TEST_HOST = "$(BUILT_PRODUCTS_DIR)/Dev_UIKit.app/$(BUNDLE_EXECUTABLE_FOLDER_PATH)/Dev_UIKit";
			};
			name = Release;
		};
/* End XCBuildConfiguration section */

/* Begin XCConfigurationList section */
		1852961830395F3D0004CEFB /* Build configuration list for PBXProject "Dev_UIKit" */ = {
			isa = XCConfigurationList;
			buildConfigurations = (
				1852962F30395F3F0004CEFB /* Debug */,
				1852963030395F3F0004CEFB /* Release */,
			);
			defaultConfigurationIsVisible = 0;
			defaultConfigurationName = Release;
		};
		1852963130395F3F0004CEFB /* Build configuration list for PBXNativeTarget "Dev_UIKit" */ = {
			isa = XCConfigurationList;
			buildConfigurations = (
				1852963230395F3F0004CEFB /* Debug */,
				1852963330395F3F0004CEFB /* Release */,
			);
			defaultConfigurationIsVisible = 0;
			defaultConfigurationName = Release;
		};
		185CAF4A3052A9BA0080ADD2 /* Build configuration list for PBXNativeTarget "Dev_UIKitTests" */ = {
			isa = XCConfigurationList;
			buildConfigurations = (
				185CAF483052A9BA0080ADD2 /* Debug */,
				185CAF493052A9BA0080ADD2 /* Release */,
			);
			defaultConfigurationIsVisible = 0;
			defaultConfigurationName = Release;
		};
/* End XCConfigurationList section */
	};
	rootObject = 1852961530395F3D0004CEFB /* Project object */;
}
